
Microsoft Visual Studio Solution File, Format Version 12.00
# Visual Studio Version 17
VisualStudioVersion = 17.0.31903.59
MinimumVisualStudioVersion = 10.0.40219.1
Project("{FAE04EC0-301F-11D3-BF4B-00C04F79EFBC}") = "ReaderTests", "ReaderTests\ReaderTests.csproj", "{095792E8-40BE-4BA4-9951-22F955DD38C3}"
EndProject
Project("{FAE04EC0-301F-11D3-BF4B-00C04F79EFBC}") = "Jig", "Jig\Jig.csproj", "{30AD49CB-F444-4009-BA57-6BADB40C6D71}"
EndProject
Project("{FAE04EC0-301F-11D3-BF4B-00C04F79EFBC}") = "VM", "VM\VM.csproj", "{9861D6CA-9150-4CA8-B3D3-92CD26EF7934}"
EndProject
Project("{FAE04EC0-301F-11D3-BF4B-00C04F79EFBC}") = "VMRepl", "VMRepl\VMRepl.csproj", "{BD1E05D1-CF0F-449C-A605-E1769326A083}"
EndProject
Project("{F2A71F9B-5D33-465A-A702-920D77279786}") = "NewTypes", "NewTypes\NewTypes.fsproj", "{75F7FD9E-A848-444D-9888-E46C6C45C246}"
EndProject
Project("{FAE04EC0-301F-11D3-BF4B-00C04F79EFBC}") = "NewNewTypes", "NewNewTypes\NewNewTypes.csproj", "{A8CE11B7-5101-4F02-B204-BDB1BC259DC4}"
EndProject
Project("{FAE04EC0-301F-11D3-BF4B-00C04F79EFBC}") = "SchemeTypes", "SchemeTypes\SchemeTypes.csproj", "{6E07A596-51B2-40B9-B8D9-DFEAD53F2511}"
EndProject
Global
	GlobalSection(SolutionConfigurationPlatforms) = preSolution
		Debug|Any CPU = Debug|Any CPU
		Release|Any CPU = Release|Any CPU
	EndGlobalSection
	GlobalSection(SolutionProperties) = preSolution
		HideSolutionNode = FALSE
	EndGlobalSection
	GlobalSection(ProjectConfigurationPlatforms) = postSolution
		{095792E8-40BE-4BA4-9951-22F955DD38C3}.Debug|Any CPU.ActiveCfg = Debug|Any CPU
		{095792E8-40BE-4BA4-9951-22F955DD38C3}.Debug|Any CPU.Build.0 = Debug|Any CPU
		{095792E8-40BE-4BA4-9951-22F955DD38C3}.Release|Any CPU.ActiveCfg = Release|Any CPU
		{095792E8-40BE-4BA4-9951-22F955DD38C3}.Release|Any CPU.Build.0 = Release|Any CPU
		{30AD49CB-F444-4009-BA57-6BADB40C6D71}.Debug|Any CPU.ActiveCfg = Debug|Any CPU
		{30AD49CB-F444-4009-BA57-6BADB40C6D71}.Debug|Any CPU.Build.0 = Debug|Any CPU
		{30AD49CB-F444-4009-BA57-6BADB40C6D71}.Release|Any CPU.ActiveCfg = Release|Any CPU
		{30AD49CB-F444-4009-BA57-6BADB40C6D71}.Release|Any CPU.Build.0 = Release|Any CPU
		{9861D6CA-9150-4CA8-B3D3-92CD26EF7934}.Debug|Any CPU.ActiveCfg = Debug|Any CPU
		{9861D6CA-9150-4CA8-B3D3-92CD26EF7934}.Debug|Any CPU.Build.0 = Debug|Any CPU
		{9861D6CA-9150-4CA8-B3D3-92CD26EF7934}.Release|Any CPU.ActiveCfg = Release|Any CPU
		{9861D6CA-9150-4CA8-B3D3-92CD26EF7934}.Release|Any CPU.Build.0 = Release|Any CPU
		{BD1E05D1-CF0F-449C-A605-E1769326A083}.Debug|Any CPU.ActiveCfg = Debug|Any CPU
		{BD1E05D1-CF0F-449C-A605-E1769326A083}.Debug|Any CPU.Build.0 = Debug|Any CPU
		{BD1E05D1-CF0F-449C-A605-E1769326A083}.Release|Any CPU.ActiveCfg = Release|Any CPU
		{BD1E05D1-CF0F-449C-A605-E1769326A083}.Release|Any CPU.Build.0 = Release|Any CPU
		{75F7FD9E-A848-444D-9888-E46C6C45C246}.Debug|Any CPU.ActiveCfg = Debug|Any CPU
		{75F7FD9E-A848-444D-9888-E46C6C45C246}.Debug|Any CPU.Build.0 = Debug|Any CPU
		{75F7FD9E-A848-444D-9888-E46C6C45C246}.Release|Any CPU.ActiveCfg = Release|Any CPU
		{75F7FD9E-A848-444D-9888-E46C6C45C246}.Release|Any CPU.Build.0 = Release|Any CPU
		{A8CE11B7-5101-4F02-B204-BDB1BC259DC4}.Debug|Any CPU.ActiveCfg = Debug|Any CPU
		{A8CE11B7-5101-4F02-B204-BDB1BC259DC4}.Debug|Any CPU.Build.0 = Debug|Any CPU
		{A8CE11B7-5101-4F02-B204-BDB1BC259DC4}.Release|Any CPU.ActiveCfg = Release|Any CPU
		{A8CE11B7-5101-4F02-B204-BDB1BC259DC4}.Release|Any CPU.Build.0 = Release|Any CPU
		{6E07A596-51B2-40B9-B8D9-DFEAD53F2511}.Debug|Any CPU.ActiveCfg = Debug|Any CPU
		{6E07A596-51B2-40B9-B8D9-DFEAD53F2511}.Debug|Any CPU.Build.0 = Debug|Any CPU
		{6E07A596-51B2-40B9-B8D9-DFEAD53F2511}.Release|Any CPU.ActiveCfg = Release|Any CPU
		{6E07A596-51B2-40B9-B8D9-DFEAD53F2511}.Release|Any CPU.Build.0 = Release|Any CPU
	EndGlobalSection
	GlobalSection(NestedProjects) = preSolution
	EndGlobalSection
EndGlobal
